
Microsoft Visual Studio Solution File, Format Version 12.00
# Visual Studio Version 16
VisualStudioVersion = 16.0.31729.503
MinimumVisualStudioVersion = 10.0.40219.1
Project("{FAE04EC0-301F-11D3-BF4B-00C04F79EFBC}") = "Convertidor", "Convertidor\Convertidor.csproj", "{C72763CE-0ACD-4E84-963D-DD8758E28BC6}"
EndProject
Project("{FAE04EC0-301F-11D3-BF4B-00C04F79EFBC}") = "Infraestructura", "Infraestructura\Infraestructura.csproj", "{DFB8DF89-0E06-4F16-BF21-E955001E0E81}"
EndProject
Project("{FAE04EC0-301F-11D3-BF4B-00C04F79EFBC}") = "Dominio", "Dominio\Dominio.csproj", "{642CDB73-B49C-481C-88EB-152968A746AF}"
EndProject
Global
	GlobalSection(SolutionConfigurationPlatforms) = preSolution
		Debug|Any CPU = Debug|Any CPU
		Release|Any CPU = Release|Any CPU
	EndGlobalSection
	GlobalSection(ProjectConfigurationPlatforms) = postSolution
		{C72763CE-0ACD-4E84-963D-DD8758E28BC6}.Debug|Any CPU.ActiveCfg = Debug|Any CPU
		{C72763CE-0ACD-4E84-963D-DD8758E28BC6}.Debug|Any CPU.Build.0 = Debug|Any CPU
		{C72763CE-0ACD-4E84-963D-DD8758E28BC6}.Release|Any CPU.ActiveCfg = Release|Any CPU
		{C72763CE-0ACD-4E84-963D-DD8758E28BC6}.Release|Any CPU.Build.0 = Release|Any CPU
		{DFB8DF89-0E06-4F16-BF21-E955001E0E81}.Debug|Any CPU.ActiveCfg = Debug|Any CPU
		{DFB8DF89-0E06-4F16-BF21-E955001E0E81}.Debug|Any CPU.Build.0 = Debug|Any CPU
		{DFB8DF89-0E06-4F16-BF21-E955001E0E81}.Release|Any CPU.ActiveCfg = Release|Any CPU
		{DFB8DF89-0E06-4F16-BF21-E955001E0E81}.Release|Any CPU.Build.0 = Release|Any CPU
		{642CDB73-B49C-481C-88EB-152968A746AF}.Debug|Any CPU.ActiveCfg = Debug|Any CPU
		{642CDB73-B49C-481C-88EB-152968A746AF}.Debug|Any CPU.Build.0 = Debug|Any CPU
		{642CDB73-B49C-481C-88EB-152968A746AF}.Release|Any CPU.ActiveCfg = Release|Any CPU
		{642CDB73-B49C-481C-88EB-152968A746AF}.Release|Any CPU.Build.0 = Release|Any CPU
	EndGlobalSection
	GlobalSection(SolutionProperties) = preSolution
		HideSolutionNode = FALSE
	EndGlobalSection
	GlobalSection(ExtensibilityGlobals) = postSolution
		SolutionGuid = {BBC78312-8607-4204-922F-ECB7EF0AC82B}
	EndGlobalSection
EndGlobal
